
Microsoft Visual Studio Solution File, Format Version 11.00
# Visual Studio 2010
Project("{FAE04EC0-301F-11D3-BF4B-00C04F79EFBC}") = "Assembly-CSharp", "Assembly-CSharp.csproj", "{98FB74CE-4C6F-30C1-D15C-881A03F1A839}"
EndProject
Project("{FAE04EC0-301F-11D3-BF4B-00C04F79EFBC}") = "Assembly-CSharp-Editor", "Assembly-CSharp-Editor.csproj", "{5E70B78A-0329-ACA4-532E-5394EB07C599}"
EndProject
Global
	GlobalSection(SolutionConfigurationPlatforms) = preSolution
		Debug|Any CPU = Debug|Any CPU
		Release|Any CPU = Release|Any CPU
	EndGlobalSection
	GlobalSection(ProjectConfigurationPlatforms) = postSolution
		{98FB74CE-4C6F-30C1-D15C-881A03F1A839}.Debug|Any CPU.ActiveCfg = Debug|Any CPU
		{98FB74CE-4C6F-30C1-D15C-881A03F1A839}.Debug|Any CPU.Build.0 = Debug|Any CPU
		{98FB74CE-4C6F-30C1-D15C-881A03F1A839}.Release|Any CPU.ActiveCfg = Release|Any CPU
		{98FB74CE-4C6F-30C1-D15C-881A03F1A839}.Release|Any CPU.Build.0 = Release|Any CPU
		{5E70B78A-0329-ACA4-532E-5394EB07C599}.Debug|Any CPU.ActiveCfg = Debug|Any CPU
		{5E70B78A-0329-ACA4-532E-5394EB07C599}.Debug|Any CPU.Build.0 = Debug|Any CPU
		{5E70B78A-0329-ACA4-532E-5394EB07C599}.Release|Any CPU.ActiveCfg = Release|Any CPU
		{5E70B78A-0329-ACA4-532E-5394EB07C599}.Release|Any CPU.Build.0 = Release|Any CPU
	EndGlobalSection
	GlobalSection(SolutionProperties) = preSolution
		HideSolutionNode = FALSE
	EndGlobalSection
	GlobalSection(MonoDevelopProperties) = preSolution
		StartupItem = Assembly-CSharp.csproj
	EndGlobalSection
EndGlobal
